
Microsoft Visual Studio Solution File, Format Version 12.00
# Visual Studio 15
VisualStudioVersion = 15.0.28307.421
MinimumVisualStudioVersion = 10.0.40219.1
Project("{FAE04EC0-301F-11D3-BF4B-00C04F79EFBC}") = "ChatApplications", "ChatApplications\ChatApplications.csproj", "{7D3E23A7-8CE5-4737-8C74-5E08192B6F77}"
EndProject
Global
	GlobalSection(SolutionConfigurationPlatforms) = preSolution
		Debug|Any CPU = Debug|Any CPU
		Release|Any CPU = Release|Any CPU
	EndGlobalSection
	GlobalSection(ProjectConfigurationPlatforms) = postSolution
		{7D3E23A7-8CE5-4737-8C74-5E08192B6F77}.Debug|Any CPU.ActiveCfg = Debug|Any CPU
		{7D3E23A7-8CE5-4737-8C74-5E08192B6F77}.Debug|Any CPU.Build.0 = Debug|Any CPU
		{7D3E23A7-8CE5-4737-8C74-5E08192B6F77}.Release|Any CPU.ActiveCfg = Release|Any CPU
		{7D3E23A7-8CE5-4737-8C74-5E08192B6F77}.Release|Any CPU.Build.0 = Release|Any CPU
	EndGlobalSection
	GlobalSection(SolutionProperties) = preSolution
		HideSolutionNode = FALSE
	EndGlobalSection
	GlobalSection(ExtensibilityGlobals) = postSolution
		SolutionGuid = {CD3F724C-3D9F-4E94-82AA-AF8A373489E2}
	EndGlobalSection
EndGlobal
